
Microsoft Visual Studio Solution File, Format Version 12.00
# Visual Studio Version 16
VisualStudioVersion = 16.0.31702.278
MinimumVisualStudioVersion = 10.0.40219.1
Project("{FAE04EC0-301F-11D3-BF4B-00C04F79EFBC}") = "CoffeeBook", "CoffeeBook.csproj", "{4EDD50FC-E5A6-4E04-B86A-403C4514854B}"
EndProject
Global
	GlobalSection(SolutionConfigurationPlatforms) = preSolution
		Debug|Any CPU = Debug|Any CPU
		Release|Any CPU = Release|Any CPU
	EndGlobalSection
	GlobalSection(ProjectConfigurationPlatforms) = postSolution
		{4EDD50FC-E5A6-4E04-B86A-403C4514854B}.Debug|Any CPU.ActiveCfg = Debug|Any CPU
		{4EDD50FC-E5A6-4E04-B86A-403C4514854B}.Debug|Any CPU.Build.0 = Debug|Any CPU
		{4EDD50FC-E5A6-4E04-B86A-403C4514854B}.Release|Any CPU.ActiveCfg = Release|Any CPU
		{4EDD50FC-E5A6-4E04-B86A-403C4514854B}.Release|Any CPU.Build.0 = Release|Any CPU
	EndGlobalSection
	GlobalSection(SolutionProperties) = preSolution
		HideSolutionNode = FALSE
	EndGlobalSection
	GlobalSection(ExtensibilityGlobals) = postSolution
		SolutionGuid = {9B1E8D2C-4AF7-488F-9959-C4A40CABE4C6}
	EndGlobalSection
EndGlobal
